
Microsoft Visual Studio Solution File, Format Version 12.00
# Visual Studio Version 16
VisualStudioVersion = 16.0.31321.278
MinimumVisualStudioVersion = 10.0.40219.1
Project("{8BC9CEB8-8B4A-11D0-8D11-00A0C91BC942}") = "Fat Gram Calculator", "Fat Gram Calculator\Fat Gram Calculator.vcxproj", "{4DDF7329-197C-4244-BD87-1E255B4FF75E}"
EndProject
Global
	GlobalSection(SolutionConfigurationPlatforms) = preSolution
		Debug|x64 = Debug|x64
		Debug|x86 = Debug|x86
		Release|x64 = Release|x64
		Release|x86 = Release|x86
	EndGlobalSection
	GlobalSection(ProjectConfigurationPlatforms) = postSolution
		{4DDF7329-197C-4244-BD87-1E255B4FF75E}.Debug|x64.ActiveCfg = Debug|x64
		{4DDF7329-197C-4244-BD87-1E255B4FF75E}.Debug|x64.Build.0 = Debug|x64
		{4DDF7329-197C-4244-BD87-1E255B4FF75E}.Debug|x86.ActiveCfg = Debug|Win32
		{4DDF7329-197C-4244-BD87-1E255B4FF75E}.Debug|x86.Build.0 = Debug|Win32
		{4DDF7329-197C-4244-BD87-1E255B4FF75E}.Release|x64.ActiveCfg = Release|x64
		{4DDF7329-197C-4244-BD87-1E255B4FF75E}.Release|x64.Build.0 = Release|x64
		{4DDF7329-197C-4244-BD87-1E255B4FF75E}.Release|x86.ActiveCfg = Release|Win32
		{4DDF7329-197C-4244-BD87-1E255B4FF75E}.Release|x86.Build.0 = Release|Win32
	EndGlobalSection
	GlobalSection(SolutionProperties) = preSolution
		HideSolutionNode = FALSE
	EndGlobalSection
	GlobalSection(ExtensibilityGlobals) = postSolution
		SolutionGuid = {51975C5D-49CA-4978-A63B-DA751CB0E19A}
	EndGlobalSection
EndGlobal
